
Microsoft Visual Studio Solution File, Format Version 12.00
# Visual Studio Version 16
VisualStudioVersion = 16.0.31515.178
MinimumVisualStudioVersion = 10.0.40219.1
Project("{FAE04EC0-301F-11D3-BF4B-00C04F79EFBC}") = "SpectreConsoleApp", "SpectreConsoleApp\SpectreConsoleApp.csproj", "{3D225F51-20ED-4F5F-B295-C4574F794E8D}"
EndProject
Global
	GlobalSection(SolutionConfigurationPlatforms) = preSolution
		Debug|Any CPU = Debug|Any CPU
		Release|Any CPU = Release|Any CPU
	EndGlobalSection
	GlobalSection(ProjectConfigurationPlatforms) = postSolution
		{3D225F51-20ED-4F5F-B295-C4574F794E8D}.Debug|Any CPU.ActiveCfg = Debug|Any CPU
		{3D225F51-20ED-4F5F-B295-C4574F794E8D}.Debug|Any CPU.Build.0 = Debug|Any CPU
		{3D225F51-20ED-4F5F-B295-C4574F794E8D}.Release|Any CPU.ActiveCfg = Release|Any CPU
		{3D225F51-20ED-4F5F-B295-C4574F794E8D}.Release|Any CPU.Build.0 = Release|Any CPU
	EndGlobalSection
	GlobalSection(SolutionProperties) = preSolution
		HideSolutionNode = FALSE
	EndGlobalSection
	GlobalSection(ExtensibilityGlobals) = postSolution
		SolutionGuid = {535B8AF5-515C-43AE-8F22-F84F821972E2}
	EndGlobalSection
EndGlobal
