
Microsoft Visual Studio Solution File, Format Version 12.00
# Visual Studio Version 17
VisualStudioVersion = 17.1.32319.34
MinimumVisualStudioVersion = 10.0.40219.1
Project("{9A19103F-16F7-4668-BE54-9A1E7A4F7556}") = "awesomemovie.Api", "AwesomeMovie.Api\awesomemovie.Api.csproj", "{46933D33-2939-4512-87A0-6B9F344799C3}"
EndProject
Global
	GlobalSection(SolutionConfigurationPlatforms) = preSolution
		Debug|Any CPU = Debug|Any CPU
		Release|Any CPU = Release|Any CPU
	EndGlobalSection
	GlobalSection(ProjectConfigurationPlatforms) = postSolution
		{46933D33-2939-4512-87A0-6B9F344799C3}.Debug|Any CPU.ActiveCfg = Debug|Any CPU
		{46933D33-2939-4512-87A0-6B9F344799C3}.Debug|Any CPU.Build.0 = Debug|Any CPU
		{46933D33-2939-4512-87A0-6B9F344799C3}.Release|Any CPU.ActiveCfg = Release|Any CPU
		{46933D33-2939-4512-87A0-6B9F344799C3}.Release|Any CPU.Build.0 = Release|Any CPU
	EndGlobalSection
	GlobalSection(SolutionProperties) = preSolution
		HideSolutionNode = FALSE
	EndGlobalSection
	GlobalSection(ExtensibilityGlobals) = postSolution
		SolutionGuid = {3904E6E6-BF49-4A92-8683-9D76C0745D07}
	EndGlobalSection
EndGlobal
