
Microsoft Visual Studio Solution File, Format Version 12.00
# Visual Studio Version 17
VisualStudioVersion = 17.0.31903.59
MinimumVisualStudioVersion = 10.0.40219.1
Project("{9A19103F-16F7-4668-BE54-9A1E7A4F7556}") = "CerificateAuthClient", "CerificateAuthClient\CerificateAuthClient.csproj", "{DF79BE44-DE8F-4C0E-9173-A8AC483B1A90}"
EndProject
Project("{9A19103F-16F7-4668-BE54-9A1E7A4F7556}") = "CertificateAuth", "CertificateAuth\CertificateAuth.csproj", "{4F844475-50B0-4F23-A44D-2B6EFDB2EF28}"
EndProject
Global
	GlobalSection(SolutionConfigurationPlatforms) = preSolution
		Debug|Any CPU = Debug|Any CPU
		Release|Any CPU = Release|Any CPU
	EndGlobalSection
	GlobalSection(ProjectConfigurationPlatforms) = postSolution
		{DF79BE44-DE8F-4C0E-9173-A8AC483B1A90}.Debug|Any CPU.ActiveCfg = Debug|Any CPU
		{DF79BE44-DE8F-4C0E-9173-A8AC483B1A90}.Debug|Any CPU.Build.0 = Debug|Any CPU
		{DF79BE44-DE8F-4C0E-9173-A8AC483B1A90}.Release|Any CPU.ActiveCfg = Release|Any CPU
		{DF79BE44-DE8F-4C0E-9173-A8AC483B1A90}.Release|Any CPU.Build.0 = Release|Any CPU
		{4F844475-50B0-4F23-A44D-2B6EFDB2EF28}.Debug|Any CPU.ActiveCfg = Debug|Any CPU
		{4F844475-50B0-4F23-A44D-2B6EFDB2EF28}.Debug|Any CPU.Build.0 = Debug|Any CPU
		{4F844475-50B0-4F23-A44D-2B6EFDB2EF28}.Release|Any CPU.ActiveCfg = Release|Any CPU
		{4F844475-50B0-4F23-A44D-2B6EFDB2EF28}.Release|Any CPU.Build.0 = Release|Any CPU
	EndGlobalSection
	GlobalSection(SolutionProperties) = preSolution
		HideSolutionNode = FALSE
	EndGlobalSection
	GlobalSection(ExtensibilityGlobals) = postSolution
		SolutionGuid = {982BD810-0475-443D-91B6-E41964DA79C7}
	EndGlobalSection
EndGlobal
