
Microsoft Visual Studio Solution File, Format Version 12.00
# Visual Studio Version 17
VisualStudioVersion = 17.1.32319.34
MinimumVisualStudioVersion = 10.0.40219.1
Project("{9A19103F-16F7-4668-BE54-9A1E7A4F7556}") = "awesomemovie.Api", "AwesomeMovie.Api\awesomemovie.Api.csproj", "{459F7348-7FD8-4C2B-8CC3-47A65DEBB06A}"
EndProject
Project("{9A19103F-16F7-4668-BE54-9A1E7A4F7556}") = "awesomemovie.Data", "AwesomeMovie.Data\awesomemovie.Data.csproj", "{CEBB6B9F-5F71-4791-917F-23ECE6956818}"
EndProject
Global
	GlobalSection(SolutionConfigurationPlatforms) = preSolution
		Debug|Any CPU = Debug|Any CPU
		Release|Any CPU = Release|Any CPU
	EndGlobalSection
	GlobalSection(ProjectConfigurationPlatforms) = postSolution
		{459F7348-7FD8-4C2B-8CC3-47A65DEBB06A}.Debug|Any CPU.ActiveCfg = Debug|Any CPU
		{459F7348-7FD8-4C2B-8CC3-47A65DEBB06A}.Debug|Any CPU.Build.0 = Debug|Any CPU
		{459F7348-7FD8-4C2B-8CC3-47A65DEBB06A}.Release|Any CPU.ActiveCfg = Release|Any CPU
		{459F7348-7FD8-4C2B-8CC3-47A65DEBB06A}.Release|Any CPU.Build.0 = Release|Any CPU
		{CEBB6B9F-5F71-4791-917F-23ECE6956818}.Debug|Any CPU.ActiveCfg = Debug|Any CPU
		{CEBB6B9F-5F71-4791-917F-23ECE6956818}.Debug|Any CPU.Build.0 = Debug|Any CPU
		{CEBB6B9F-5F71-4791-917F-23ECE6956818}.Release|Any CPU.ActiveCfg = Release|Any CPU
		{CEBB6B9F-5F71-4791-917F-23ECE6956818}.Release|Any CPU.Build.0 = Release|Any CPU
	EndGlobalSection
	GlobalSection(SolutionProperties) = preSolution
		HideSolutionNode = FALSE
	EndGlobalSection
	GlobalSection(ExtensibilityGlobals) = postSolution
		SolutionGuid = {845AAF4A-79E2-46DD-9C5E-E1A280EDB999}
	EndGlobalSection
EndGlobal
