
Microsoft Visual Studio Solution File, Format Version 12.00
# Visual Studio Version 17
VisualStudioVersion = 17.1.32228.430
MinimumVisualStudioVersion = 10.0.40219.1
Project("{FAE04EC0-301F-11D3-BF4B-00C04F79EFBC}") = "MockHttpRequest.UI", "MockHttpRequest.UI.csproj", "{A55B6897-BB78-4B87-92AB-DA57B9C7CB23}"
EndProject
Project("{FAE04EC0-301F-11D3-BF4B-00C04F79EFBC}") = "UnitTests", "..\UnitTests\UnitTests.csproj", "{04960AC7-4EBD-4C73-A2B9-6855A26894BA}"
EndProject
Global
	GlobalSection(SolutionConfigurationPlatforms) = preSolution
		Debug|Any CPU = Debug|Any CPU
		Release|Any CPU = Release|Any CPU
	EndGlobalSection
	GlobalSection(ProjectConfigurationPlatforms) = postSolution
		{A55B6897-BB78-4B87-92AB-DA57B9C7CB23}.Debug|Any CPU.ActiveCfg = Debug|Any CPU
		{A55B6897-BB78-4B87-92AB-DA57B9C7CB23}.Debug|Any CPU.Build.0 = Debug|Any CPU
		{A55B6897-BB78-4B87-92AB-DA57B9C7CB23}.Release|Any CPU.ActiveCfg = Release|Any CPU
		{A55B6897-BB78-4B87-92AB-DA57B9C7CB23}.Release|Any CPU.Build.0 = Release|Any CPU
		{04960AC7-4EBD-4C73-A2B9-6855A26894BA}.Debug|Any CPU.ActiveCfg = Debug|Any CPU
		{04960AC7-4EBD-4C73-A2B9-6855A26894BA}.Debug|Any CPU.Build.0 = Debug|Any CPU
		{04960AC7-4EBD-4C73-A2B9-6855A26894BA}.Release|Any CPU.ActiveCfg = Release|Any CPU
		{04960AC7-4EBD-4C73-A2B9-6855A26894BA}.Release|Any CPU.Build.0 = Release|Any CPU
	EndGlobalSection
	GlobalSection(SolutionProperties) = preSolution
		HideSolutionNode = FALSE
	EndGlobalSection
	GlobalSection(ExtensibilityGlobals) = postSolution
		SolutionGuid = {AF838A42-57C9-4EDE-A8B5-5B493EA04D1E}
	EndGlobalSection
EndGlobal
